
Microsoft Visual Studio Solution File, Format Version 12.00
# Visual Studio Version 17
VisualStudioVersion = 17.8.34309.116
MinimumVisualStudioVersion = 10.0.40219.1
Project("{FAE04EC0-301F-11D3-BF4B-00C04F79EFBC}") = "Login", "Login\Login.csproj", "{BA2A6BD4-38C6-4D8D-ACAF-E440A899405B}"
EndProject
Global
	GlobalSection(SolutionConfigurationPlatforms) = preSolution
		Debug|Any CPU = Debug|Any CPU
		Release|Any CPU = Release|Any CPU
	EndGlobalSection
	GlobalSection(ProjectConfigurationPlatforms) = postSolution
		{BA2A6BD4-38C6-4D8D-ACAF-E440A899405B}.Debug|Any CPU.ActiveCfg = Debug|Any CPU
		{BA2A6BD4-38C6-4D8D-ACAF-E440A899405B}.Debug|Any CPU.Build.0 = Debug|Any CPU
		{BA2A6BD4-38C6-4D8D-ACAF-E440A899405B}.Release|Any CPU.ActiveCfg = Release|Any CPU
		{BA2A6BD4-38C6-4D8D-ACAF-E440A899405B}.Release|Any CPU.Build.0 = Release|Any CPU
	EndGlobalSection
	GlobalSection(SolutionProperties) = preSolution
		HideSolutionNode = FALSE
	EndGlobalSection
	GlobalSection(ExtensibilityGlobals) = postSolution
		SolutionGuid = {39367AA0-F5F3-4264-B795-EE6E878545D7}
	EndGlobalSection
EndGlobal
